
Microsoft Visual Studio Solution File, Format Version 12.00
# Visual Studio Version 16
VisualStudioVersion = 16.0.30503.244
MinimumVisualStudioVersion = 10.0.40219.1
Project("{FAE04EC0-301F-11D3-BF4B-00C04F79EFBC}") = "WpfApp3", "WpfApp3\WpfApp3.csproj", "{21AA041D-33B9-4974-A25D-CB5D6BD89A17}"
EndProject
Project("{FAE04EC0-301F-11D3-BF4B-00C04F79EFBC}") = "ClassLibrary1", "ClassLibrary1\ClassLibrary1.csproj", "{9FD100DF-2B3D-4FE9-8DBB-E4A807AD04E5}"
EndProject
Global
	GlobalSection(SolutionConfigurationPlatforms) = preSolution
		Debug|Any CPU = Debug|Any CPU
		Release|Any CPU = Release|Any CPU
	EndGlobalSection
	GlobalSection(ProjectConfigurationPlatforms) = postSolution
		{21AA041D-33B9-4974-A25D-CB5D6BD89A17}.Debug|Any CPU.ActiveCfg = Debug|Any CPU
		{21AA041D-33B9-4974-A25D-CB5D6BD89A17}.Debug|Any CPU.Build.0 = Debug|Any CPU
		{21AA041D-33B9-4974-A25D-CB5D6BD89A17}.Release|Any CPU.ActiveCfg = Release|Any CPU
		{21AA041D-33B9-4974-A25D-CB5D6BD89A17}.Release|Any CPU.Build.0 = Release|Any CPU
		{9FD100DF-2B3D-4FE9-8DBB-E4A807AD04E5}.Debug|Any CPU.ActiveCfg = Debug|Any CPU
		{9FD100DF-2B3D-4FE9-8DBB-E4A807AD04E5}.Debug|Any CPU.Build.0 = Debug|Any CPU
		{9FD100DF-2B3D-4FE9-8DBB-E4A807AD04E5}.Release|Any CPU.ActiveCfg = Release|Any CPU
		{9FD100DF-2B3D-4FE9-8DBB-E4A807AD04E5}.Release|Any CPU.Build.0 = Release|Any CPU
	EndGlobalSection
	GlobalSection(SolutionProperties) = preSolution
		HideSolutionNode = FALSE
	EndGlobalSection
	GlobalSection(ExtensibilityGlobals) = postSolution
		SolutionGuid = {524AD3AF-5ECE-4088-8342-44EA74C93E6C}
	EndGlobalSection
EndGlobal
